// !$*UTF8*$!
{
	archiveVersion = 1;
	classes = {
	};
	objectVersion = 50;
	objects = {

/* Begin PBXBuildFile section */
		D13402B725AA6080001F3EC0 /* playersNameView.swift in Sources */ = {isa = PBXBuildFile; fileRef = D13402B625AA6080001F3EC0 /* playersNameView.swift */; };
		D13402BB25AA624E001F3EC0 /* gameView.swift in Sources */ = {isa = PBXBuildFile; fileRef = D13402BA25AA624E001F3EC0 /* gameView.swift */; };
		D13402BE25AA626E001F3EC0 /* recoredsView.swift in Sources */ = {isa = PBXBuildFile; fileRef = D13402BD25AA626E001F3EC0 /* recoredsView.swift */; };
		D13402C125AA6A06001F3EC0 /* circle.swift in Sources */ = {isa = PBXBuildFile; fileRef = D13402C025AA6A06001F3EC0 /* circle.swift */; };
		D166FA4E25ABC35D00BB6FA8 /* winlogic.swift in Sources */ = {isa = PBXBuildFile; fileRef = D166FA4D25ABC35D00BB6FA8 /* winlogic.swift */; };
		D177C65725AA52FC00ECF35B /* Funtastic_4App.swift in Sources */ = {isa = PBXBuildFile; fileRef = D177C65625AA52FC00ECF35B /* Funtastic_4App.swift */; };
		D177C65925AA52FC00ECF35B /* ContentView.swift in Sources */ = {isa = PBXBuildFile; fileRef = D177C65825AA52FC00ECF35B /* ContentView.swift */; };
		D177C65B25AA52FE00ECF35B /* Assets.xcassets in Resources */ = {isa = PBXBuildFile; fileRef = D177C65A25AA52FE00ECF35B /* Assets.xcassets */; };
		D177C65E25AA52FE00ECF35B /* Preview Assets.xcassets in Resources */ = {isa = PBXBuildFile; fileRef = D177C65D25AA52FE00ECF35B /* Preview Assets.xcassets */; };
/* End PBXBuildFile section */

/* Begin PBXFileReference section */
		D13402B625AA6080001F3EC0 /* playersNameView.swift */ = {isa = PBXFileReference; lastKnownFileType = sourcecode.swift; path = playersNameView.swift; sourceTree = "<group>"; };
		D13402BA25AA624E001F3EC0 /* gameView.swift */ = {isa = PBXFileReference; lastKnownFileType = sourcecode.swift; path = gameView.swift; sourceTree = "<group>"; };
		D13402BD25AA626E001F3EC0 /* recoredsView.swift */ = {isa = PBXFileReference; lastKnownFileType = sourcecode.swift; path = recoredsView.swift; sourceTree = "<group>"; };
		D13402C025AA6A06001F3EC0 /* circle.swift */ = {isa = PBXFileReference; lastKnownFileType = sourcecode.swift; path = circle.swift; sourceTree = "<group>"; };
		D166FA4D25ABC35D00BB6FA8 /* winlogic.swift */ = {isa = PBXFileReference; lastKnownFileType = sourcecode.swift; path = winlogic.swift; sourceTree = "<group>"; };
		D177C65325AA52FC00ECF35B /* Funtastic 4.app */ = {isa = PBXFileReference; explicitFileType = wrapper.application; includeInIndex = 0; path = "Funtastic 4.app"; sourceTree = BUILT_PRODUCTS_DIR; };
		D177C65625AA52FC00ECF35B /* Funtastic_4App.swift */ = {isa = PBXFileReference; lastKnownFileType = sourcecode.swift; path = Funtastic_4App.swift; sourceTree = "<group>"; };
		D177C65825AA52FC00ECF35B /* ContentView.swift */ = {isa = PBXFileReference; lastKnownFileType = sourcecode.swift; path = ContentView.swift; sourceTree = "<group>"; };
		D177C65A25AA52FE00ECF35B /* Assets.xcassets */ = {isa = PBXFileReference; lastKnownFileType = folder.assetcatalog; path = Assets.xcassets; sourceTree = "<group>"; };
		D177C65D25AA52FE00ECF35B /* Preview Assets.xcassets */ = {isa = PBXFileReference; lastKnownFileType = folder.assetcatalog; path = "Preview Assets.xcassets"; sourceTree = "<group>"; };
		D177C65F25AA52FE00ECF35B /* Info.plist */ = {isa = PBXFileReference; lastKnownFileType = text.plist.xml; path = Info.plist; sourceTree = "<group>"; };
/* End PBXFileReference section */

/* Begin PBXFrameworksBuildPhase section */
		D177C65025AA52FC00ECF35B /* Frameworks */ = {
			isa = PBXFrameworksBuildPhase;
			buildActionMask = 2147483647;
			files = (
			);
			runOnlyForDeploymentPostprocessing = 0;
		};
/* End PBXFrameworksBuildPhase section */

/* Begin PBXGroup section */
		D13402B525AA6064001F3EC0 /* Views */ = {
			isa = PBXGroup;
			children = (
				D13402B625AA6080001F3EC0 /* playersNameView.swift */,
				D13402BA25AA624E001F3EC0 /* gameView.swift */,
				D13402C025AA6A06001F3EC0 /* circle.swift */,
				D13402BD25AA626E001F3EC0 /* recoredsView.swift */,
				D166FA4D25ABC35D00BB6FA8 /* winlogic.swift */,
			);
			path = Views;
			sourceTree = "<group>";
		};
		D177C64A25AA52FB00ECF35B = {
			isa = PBXGroup;
			children = (
				D177C65525AA52FC00ECF35B /* Funtastic 4 */,
				D177C65425AA52FC00ECF35B /* Products */,
			);
			sourceTree = "<group>";
		};
		D177C65425AA52FC00ECF35B /* Products */ = {
			isa = PBXGroup;
			children = (
				D177C65325AA52FC00ECF35B /* Funtastic 4.app */,
			);
			name = Products;
			sourceTree = "<group>";
		};
		D177C65525AA52FC00ECF35B /* Funtastic 4 */ = {
			isa = PBXGroup;
			children = (
				D177C65625AA52FC00ECF35B /* Funtastic_4App.swift */,
				D177C65825AA52FC00ECF35B /* ContentView.swift */,
				D13402B525AA6064001F3EC0 /* Views */,
				D177C65A25AA52FE00ECF35B /* Assets.xcassets */,
				D177C65F25AA52FE00ECF35B /* Info.plist */,
				D177C65C25AA52FE00ECF35B /* Preview Content */,
			);
			path = "Funtastic 4";
			sourceTree = "<group>";
		};
		D177C65C25AA52FE00ECF35B /* Preview Content */ = {
			isa = PBXGroup;
			children = (
				D177C65D25AA52FE00ECF35B /* Preview Assets.xcassets */,
			);
			path = "Preview Content";
			sourceTree = "<group>";
		};
/* End PBXGroup section */

/* Begin PBXNativeTarget section */
		D177C65225AA52FC00ECF35B /* Funtastic 4 */ = {
			isa = PBXNativeTarget;
			buildConfigurationList = D177C66225AA52FE00ECF35B /* Build configuration list for PBXNativeTarget "Funtastic 4" */;
			buildPhases = (
				D177C64F25AA52FC00ECF35B /* Sources */,
				D177C65025AA52FC00ECF35B /* Frameworks */,
				D177C65125AA52FC00ECF35B /* Resources */,
			);
			buildRules = (
			);
			dependencies = (
			);
			name = "Funtastic 4";
			productName = "Funtastic 4";
			productReference = D177C65325AA52FC00ECF35B /* Funtastic 4.app */;
			productType = "com.apple.product-type.application";
		};
/* End PBXNativeTarget section */

/* Begin PBXProject section */
		D177C64B25AA52FB00ECF35B /* Project object */ = {
			isa = PBXProject;
			attributes = {
				LastSwiftUpdateCheck = 1230;
				LastUpgradeCheck = 1230;
				TargetAttributes = {
					D177C65225AA52FC00ECF35B = {
						CreatedOnToolsVersion = 12.3;
					};
				};
			};
			buildConfigurationList = D177C64E25AA52FB00ECF35B /* Build configuration list for PBXProject "Funtastic 4" */;
			compatibilityVersion = "Xcode 9.3";
			developmentRegion = en;
			hasScannedForEncodings = 0;
			knownRegions = (
				en,
				Base,
			);
			mainGroup = D177C64A25AA52FB00ECF35B;
			productRefGroup = D177C65425AA52FC00ECF35B /* Products */;
			projectDirPath = "";
			projectRoot = "";
			targets = (
				D177C65225AA52FC00ECF35B /* Funtastic 4 */,
			);
		};
/* End PBXProject section */

/* Begin PBXResourcesBuildPhase section */
		D177C65125AA52FC00ECF35B /* Resources */ = {
			isa = PBXResourcesBuildPhase;
			buildActionMask = 2147483647;
			files = (
				D177C65E25AA52FE00ECF35B /* Preview Assets.xcassets in Resources */,
				D177C65B25AA52FE00ECF35B /* Assets.xcassets in Resources */,
			);
			runOnlyForDeploymentPostprocessing = 0;
		};
/* End PBXResourcesBuildPhase section */

/* Begin PBXSourcesBuildPhase section */
		D177C64F25AA52FC00ECF35B /* Sources */ = {
			isa = PBXSourcesBuildPhase;
			buildActionMask = 2147483647;
			files = (
				D177C65925AA52FC00ECF35B /* ContentView.swift in Sources */,
				D177C65725AA52FC00ECF35B /* Funtastic_4App.swift in Sources */,
				D13402BB25AA624E001F3EC0 /* gameView.swift in Sources */,
				D166FA4E25ABC35D00BB6FA8 /* winlogic.swift in Sources */,
				D13402C125AA6A06001F3EC0 /* circle.swift in Sources */,
				D13402BE25AA626E001F3EC0 /* recoredsView.swift in Sources */,
				D13402B725AA6080001F3EC0 /* playersNameView.swift in Sources */,
			);
			runOnlyForDeploymentPostprocessing = 0;
		};
/* End PBXSourcesBuildPhase section */

/* Begin XCBuildConfiguration section */
		D177C66025AA52FE00ECF35B /* Debug */ = {
			isa = XCBuildConfiguration;
			buildSettings = {
				ALWAYS_SEARCH_USER_PATHS = NO;
				CLANG_ANALYZER_NONNULL = YES;
				CLANG_ANALYZER_NUMBER_OBJECT_CONVERSION = YES_AGGRESSIVE;
				CLANG_CXX_LANGUAGE_STANDARD = "gnu++14";
				CLANG_CXX_LIBRARY = "libc++";
				CLANG_ENABLE_MODULES = YES;
				CLANG_ENABLE_OBJC_ARC = YES;
				CLANG_ENABLE_OBJC_WEAK = YES;
				CLANG_WARN_BLOCK_CAPTURE_AUTORELEASING = YES;
				CLANG_WARN_BOOL_CONVERSION = YES;
				CLANG_WARN_COMMA = YES;
				CLANG_WARN_CONSTANT_CONVERSION = YES;
				CLANG_WARN_DEPRECATED_OBJC_IMPLEMENTATIONS = YES;
				CLANG_WARN_DIRECT_OBJC_ISA_USAGE = YES_ERROR;
				CLANG_WARN_DOCUMENTATION_COMMENTS = YES;
				CLANG_WARN_EMPTY_BODY = YES;
				CLANG_WARN_ENUM_CONVERSION = YES;
				CLANG_WARN_INFINITE_RECURSION = YES;
				CLANG_WARN_INT_CONVERSION = YES;
				CLANG_WARN_NON_LITERAL_NULL_CONVERSION = YES;
				CLANG_WARN_OBJC_IMPLICIT_RETAIN_SELF = YES;
				CLANG_WARN_OBJC_LITERAL_CONVERSION = YES;
				CLANG_WARN_OBJC_ROOT_CLASS = YES_ERROR;
				CLANG_WARN_QUOTED_INCLUDE_IN_FRAMEWORK_HEADER = YES;
				CLANG_WARN_RANGE_LOOP_ANALYSIS = YES;
				CLANG_WARN_STRICT_PROTOTYPES = YES;
				CLANG_WARN_SUSPICIOUS_MOVE = YES;
				CLANG_WARN_UNGUARDED_AVAILABILITY = YES_AGGRESSIVE;
				CLANG_WARN_UNREACHABLE_CODE = YES;
				CLANG_WARN__DUPLICATE_METHOD_MATCH = YES;
				COPY_PHASE_STRIP = NO;
				DEBUG_INFORMATION_FORMAT = dwarf;
				ENABLE_STRICT_OBJC_MSGSEND = YES;
				ENABLE_TESTABILITY = YES;
				GCC_C_LANGUAGE_STANDARD = gnu11;
				GCC_DYNAMIC_NO_PIC = NO;
				GCC_NO_COMMON_BLOCKS = YES;
				GCC_OPTIMIZATION_LEVEL = 0;
				GCC_PREPROCESSOR_DEFINITIONS = (
					"DEBUG=1",
					"$(inherited)",
				);
				GCC_WARN_64_TO_32_BIT_CONVERSION = YES;
				GCC_WARN_ABOUT_RETURN_TYPE = YES_ERROR;
				GCC_WARN_UNDECLARED_SELECTOR = YES;
				GCC_WARN_UNINITIALIZED_AUTOS = YES_AGGRESSIVE;
				GCC_WARN_UNUSED_FUNCTION = YES;
				GCC_WARN_UNUSED_VARIABLE = YES;
				IPHONEOS_DEPLOYMENT_TARGET = 14.3;
				MTL_ENABLE_DEBUG_INFO = INCLUDE_SOURCE;
				MTL_FAST_MATH = YES;
				ONLY_ACTIVE_ARCH = YES;
				SDKROOT = iphoneos;
				SWIFT_ACTIVE_COMPILATION_CONDITIONS = DEBUG;
				SWIFT_OPTIMIZATION_LEVEL = "-Onone";
			};
			name = Debug;
		};
		D177C66125AA52FE00ECF35B /* Release */ = {
			isa = XCBuildConfiguration;
			buildSettings = {
				ALWAYS_SEARCH_USER_PATHS = NO;
				CLANG_ANALYZER_NONNULL = YES;
				CLANG_ANALYZER_NUMBER_OBJECT_CONVERSION = YES_AGGRESSIVE;
				CLANG_CXX_LANGUAGE_STANDARD = "gnu++14";
				CLANG_CXX_LIBRARY = "libc++";
				CLANG_ENABLE_MODULES = YES;
				CLANG_ENABLE_OBJC_ARC = YES;
				CLANG_ENABLE_OBJC_WEAK = YES;
				CLANG_WARN_BLOCK_CAPTURE_AUTORELEASING = YES;
				CLANG_WARN_BOOL_CONVERSION = YES;
				CLANG_WARN_COMMA = YES;
				CLANG_WARN_CONSTANT_CONVERSION = YES;
				CLANG_WARN_DEPRECATED_OBJC_IMPLEMENTATIONS = YES;
				CLANG_WARN_DIRECT_OBJC_ISA_USAGE = YES_ERROR;
				CLANG_WARN_DOCUMENTATION_COMMENTS = YES;
				CLANG_WARN_EMPTY_BODY = YES;
				CLANG_WARN_ENUM_CONVERSION = YES;
				CLANG_WARN_INFINITE_RECURSION = YES;
				CLANG_WARN_INT_CONVERSION = YES;
				CLANG_WARN_NON_LITERAL_NULL_CONVERSION = YES;
				CLANG_WARN_OBJC_IMPLICIT_RETAIN_SELF = YES;
				CLANG_WARN_OBJC_LITERAL_CONVERSION = YES;
				CLANG_WARN_OBJC_ROOT_CLASS = YES_ERROR;
				CLANG_WARN_QUOTED_INCLUDE_IN_FRAMEWORK_HEADER = YES;
				CLANG_WARN_RANGE_LOOP_ANALYSIS = YES;
				CLANG_WARN_STRICT_PROTOTYPES = YES;
				CLANG_WARN_SUSPICIOUS_MOVE = YES;
				CLANG_WARN_UNGUARDED_AVAILABILITY = YES_AGGRESSIVE;
				CLANG_WARN_UNREACHABLE_CODE = YES;
				CLANG_WARN__DUPLICATE_METHOD_MATCH = YES;
				COPY_PHASE_STRIP = NO;
				DEBUG_INFORMATION_FORMAT = "dwarf-with-dsym";
				ENABLE_NS_ASSERTIONS = NO;
				ENABLE_STRICT_OBJC_MSGSEND = YES;
				GCC_C_LANGUAGE_STANDARD = gnu11;
				GCC_NO_COMMON_BLOCKS = YES;
				GCC_WARN_64_TO_32_BIT_CONVERSION = YES;
				GCC_WARN_ABOUT_RETURN_TYPE = YES_ERROR;
				GCC_WARN_UNDECLARED_SELECTOR = YES;
				GCC_WARN_UNINITIALIZED_AUTOS = YES_AGGRESSIVE;
				GCC_WARN_UNUSED_FUNCTION = YES;
				GCC_WARN_UNUSED_VARIABLE = YES;
				IPHONEOS_DEPLOYMENT_TARGET = 14.3;
				MTL_ENABLE_DEBUG_INFO = NO;
				MTL_FAST_MATH = YES;
				SDKROOT = iphoneos;
				SWIFT_COMPILATION_MODE = wholemodule;
				SWIFT_OPTIMIZATION_LEVEL = "-O";
				VALIDATE_PRODUCT = YES;
			};
			name = Release;
		};
		D177C66325AA52FE00ECF35B /* Debug */ = {
			isa = XCBuildConfiguration;
			buildSettings = {
				ASSETCATALOG_COMPILER_APPICON_NAME = AppIcon;
				ASSETCATALOG_COMPILER_GLOBAL_ACCENT_COLOR_NAME = AccentColor;
				CODE_SIGN_STYLE = Automatic;
				DEVELOPMENT_ASSET_PATHS = "\"Funtastic 4/Preview Content\"";
				DEVELOPMENT_TEAM = 9WFD8JMGSF;
				ENABLE_PREVIEWS = NO;
				INFOPLIST_FILE = "Funtastic 4/Info.plist";
				IPHONEOS_DEPLOYMENT_TARGET = 14.0;
				LD_RUNPATH_SEARCH_PATHS = (
					"$(inherited)",
					"@executable_path/Frameworks",
				);
				PRODUCT_BUNDLE_IDENTIFIER = "test.me.islam.Funtastic-4";
				PRODUCT_NAME = "$(TARGET_NAME)";
				SWIFT_VERSION = 5.0;
				TARGETED_DEVICE_FAMILY = "1,2";
			};
			name = Debug;
		};
		D177C66425AA52FE00ECF35B /* Release */ = {
			isa = XCBuildConfiguration;
			buildSettings = {
				ASSETCATALOG_COMPILER_APPICON_NAME = AppIcon;
				ASSETCATALOG_COMPILER_GLOBAL_ACCENT_COLOR_NAME = AccentColor;
				CODE_SIGN_STYLE = Automatic;
				DEVELOPMENT_ASSET_PATHS = "\"Funtastic 4/Preview Content\"";
				DEVELOPMENT_TEAM = 9WFD8JMGSF;
				ENABLE_PREVIEWS = NO;
				INFOPLIST_FILE = "Funtastic 4/Info.plist";
				IPHONEOS_DEPLOYMENT_TARGET = 14.0;
				LD_RUNPATH_SEARCH_PATHS = (
					"$(inherited)",
					"@executable_path/Frameworks",
				);
				PRODUCT_BUNDLE_IDENTIFIER = "test.me.islam.Funtastic-4";
				PRODUCT_NAME = "$(TARGET_NAME)";
				SWIFT_VERSION = 5.0;
				TARGETED_DEVICE_FAMILY = "1,2";
			};
			name = Release;
		};
/* End XCBuildConfiguration section */

/* Begin XCConfigurationList section */
		D177C64E25AA52FB00ECF35B /* Build configuration list for PBXProject "Funtastic 4" */ = {
			isa = XCConfigurationList;
			buildConfigurations = (
				D177C66025AA52FE00ECF35B /* Debug */,
				D177C66125AA52FE00ECF35B /* Release */,
			);
			defaultConfigurationIsVisible = 0;
			defaultConfigurationName = Release;
		};
		D177C66225AA52FE00ECF35B /* Build configuration list for PBXNativeTarget "Funtastic 4" */ = {
			isa = XCConfigurationList;
			buildConfigurations = (
				D177C66325AA52FE00ECF35B /* Debug */,
				D177C66425AA52FE00ECF35B /* Release */,
			);
			defaultConfigurationIsVisible = 0;
			defaultConfigurationName = Release;
		};
/* End XCConfigurationList section */
	};
	rootObject = D177C64B25AA52FB00ECF35B /* Project object */;
}
